
Microsoft Visual Studio Solution File, Format Version 12.00
Project("{FAE04EC0-301F-11D3-BF4B-00C04F79EFBC}") = "Blackjack", "Blackjack\Blackjack.csproj", "{879C8065-04D7-4FF8-BCED-7AF00217FB83}"
EndProject
Global
	GlobalSection(SolutionConfigurationPlatforms) = preSolution
		Debug|Any CPU = Debug|Any CPU
		Release|Any CPU = Release|Any CPU
	EndGlobalSection
	GlobalSection(ProjectConfigurationPlatforms) = postSolution
		{879C8065-04D7-4FF8-BCED-7AF00217FB83}.Debug|Any CPU.ActiveCfg = Debug|Any CPU
		{879C8065-04D7-4FF8-BCED-7AF00217FB83}.Debug|Any CPU.Build.0 = Debug|Any CPU
		{879C8065-04D7-4FF8-BCED-7AF00217FB83}.Release|Any CPU.ActiveCfg = Release|Any CPU
		{879C8065-04D7-4FF8-BCED-7AF00217FB83}.Release|Any CPU.Build.0 = Release|Any CPU
	EndGlobalSection
EndGlobal
